
Microsoft Visual Studio Solution File, Format Version 12.00
# Visual Studio Version 16
VisualStudioVersion = 16.0.30104.148
MinimumVisualStudioVersion = 10.0.40219.1
Project("{FAE04EC0-301F-11D3-BF4B-00C04F79EFBC}") = "geometry", "geometry\geometry.csproj", "{53E2002B-5607-4280-A90C-BF1432D49041}"
EndProject
Global
	GlobalSection(SolutionConfigurationPlatforms) = preSolution
		Debug|Any CPU = Debug|Any CPU
		Release|Any CPU = Release|Any CPU
	EndGlobalSection
	GlobalSection(ProjectConfigurationPlatforms) = postSolution
		{53E2002B-5607-4280-A90C-BF1432D49041}.Debug|Any CPU.ActiveCfg = Debug|Any CPU
		{53E2002B-5607-4280-A90C-BF1432D49041}.Debug|Any CPU.Build.0 = Debug|Any CPU
		{53E2002B-5607-4280-A90C-BF1432D49041}.Release|Any CPU.ActiveCfg = Release|Any CPU
		{53E2002B-5607-4280-A90C-BF1432D49041}.Release|Any CPU.Build.0 = Release|Any CPU
	EndGlobalSection
	GlobalSection(SolutionProperties) = preSolution
		HideSolutionNode = FALSE
	EndGlobalSection
	GlobalSection(ExtensibilityGlobals) = postSolution
		SolutionGuid = {C86FD119-1CA6-46BF-B434-0FEF8895718C}
	EndGlobalSection
EndGlobal
